
Microsoft Visual Studio Solution File, Format Version 12.00
Project("{2150E333-8FDC-42A3-9474-1A3956D46DE8}") = "readme", "readme", "{31C4E7B7-43BC-42E4-9924-9CDD0218EC12}"
ProjectSection(SolutionItems) = preProject
	README.md = README.md
	LICENSE = LICENSE
EndProjectSection
EndProject
Project("{2150E333-8FDC-42A3-9474-1A3956D46DE8}") = "git", "git", "{77172F61-0A84-4978-802E-3FAE52BAE12A}"
ProjectSection(SolutionItems) = preProject
	.gitignore = .gitignore
EndProjectSection
EndProject
Project("{FAE04EC0-301F-11D3-BF4B-00C04F79EFBC}") = "Mediati.AspNetCore.Extensions", "Mediati.AspNetCore.Extensions\Mediati.AspNetCore.Extensions.csproj", "{D82AE03E-A2B1-41C1-974E-3CD58513DA05}"
EndProject
Global
	GlobalSection(SolutionConfigurationPlatforms) = preSolution
		Debug|Any CPU = Debug|Any CPU
		Release|Any CPU = Release|Any CPU
	EndGlobalSection
	GlobalSection(ProjectConfigurationPlatforms) = postSolution
		{D82AE03E-A2B1-41C1-974E-3CD58513DA05}.Debug|Any CPU.ActiveCfg = Debug|Any CPU
		{D82AE03E-A2B1-41C1-974E-3CD58513DA05}.Debug|Any CPU.Build.0 = Debug|Any CPU
		{D82AE03E-A2B1-41C1-974E-3CD58513DA05}.Release|Any CPU.ActiveCfg = Release|Any CPU
		{D82AE03E-A2B1-41C1-974E-3CD58513DA05}.Release|Any CPU.Build.0 = Release|Any CPU
	EndGlobalSection
EndGlobal
